
Microsoft Visual Studio Solution File, Format Version 12.00
# Visual Studio Version 17
VisualStudioVersion = 17.6.33723.286
MinimumVisualStudioVersion = 10.0.40219.1
Project("{FAE04EC0-301F-11D3-BF4B-00C04F79EFBC}") = "TestProject3", "TestProject3\TestProject3.csproj", "{BF0C3264-DE17-428F-B31C-E64CE272534A}"
EndProject
Global
	GlobalSection(SolutionConfigurationPlatforms) = preSolution
		Debug|Any CPU = Debug|Any CPU
		Release|Any CPU = Release|Any CPU
	EndGlobalSection
	GlobalSection(ProjectConfigurationPlatforms) = postSolution
		{BF0C3264-DE17-428F-B31C-E64CE272534A}.Debug|Any CPU.ActiveCfg = Debug|Any CPU
		{BF0C3264-DE17-428F-B31C-E64CE272534A}.Debug|Any CPU.Build.0 = Debug|Any CPU
		{BF0C3264-DE17-428F-B31C-E64CE272534A}.Release|Any CPU.ActiveCfg = Release|Any CPU
		{BF0C3264-DE17-428F-B31C-E64CE272534A}.Release|Any CPU.Build.0 = Release|Any CPU
	EndGlobalSection
	GlobalSection(SolutionProperties) = preSolution
		HideSolutionNode = FALSE
	EndGlobalSection
	GlobalSection(ExtensibilityGlobals) = postSolution
		SolutionGuid = {AF9E4E66-735A-4109-8061-21FA1F72B666}
	EndGlobalSection
EndGlobal
